{
  "originHash" : "558282e56fde9f5520b387d33b1f1af0f555904d1f4233a498c4e4a6e09a64de",
  "pins" : [
    {
      "identity" : "webui",
      "kind" : "remoteSourceControl",
      "location" : "https://github.com/cybozu/WebUI.git",
      "state" : {
        "revision" : "0112c53e383c3ac5b27d0be452356fcd97f147e8",
        "version" : "3.0.3"
      }
    }
  ],
  "version" : 3
}
